lockfileVersion: 5.3

specifiers:
  '@iyowei/ls-dir-sync': ^1.0.2
  '@iyowei/scan-dir-each-sync': ^1.0.1

dependencies:
  '@iyowei/ls-dir-sync': 1.0.2
  '@iyowei/scan-dir-each-sync': 1.0.1

packages:

  /@iyowei/ls-dir-sync/1.0.2:
    resolution: {integrity: sha512-xQVDMpmwWxM12XROFFBoypGWdrhNG0F1uKfb5N39phG4ekOZJlwgV9OVk3eaclWEIQge94Ghzj91zjh+2qOsVg==}
    engines: {node: '>=12.20.0'}
    requiresBuild: true
    dev: false

  /@iyowei/scan-dir-each-sync/1.0.1:
    resolution: {integrity: sha512-DjS+AbM8zpRI8LZe5YlPtedk+a0RGtGKcK/BnMlvKhZ4z7iKmENP2DVq1nz5A9iPBnOfrByuobblOEYmUGaczQ==}
    engines: {node: '>=12.20.0'}
    requiresBuild: true
    dev: false
